<Solution>
  <Folder Name="/.props/">
    <File Path=".editorconfig" />
    <File Path="Directory.Build.props" />
  </Folder>
  <Project Path="Examples/Examples.csproj" />
  <Project Path="Generators/Generators.csproj" />
  <Project Path="Net8Examples/Net8Examples.csproj" />
  <Project Path="Net8Generators/Net8Generators.csproj" />
  <Project Path="UnitTests/UnitTests.csproj" />
</Solution>
